
Microsoft Visual Studio Solution File, Format Version 12.00
# Visual Studio Version 17
VisualStudioVersion = 17.8.34309.116
MinimumVisualStudioVersion = 10.0.40219.1
Project("{9A19103F-16F7-4668-BE54-9A1E7A4F7556}") = "LeetCode.UnitTests", "LeetCode.UnitTests\LeetCode.UnitTests.csproj", "{AC273D3D-EA6E-4E37-B082-412EB4C70A40}"
EndProject
Project("{9A19103F-16F7-4668-BE54-9A1E7A4F7556}") = "LeetCode.Problems", "LeetCode.Problems\LeetCode.Problems.csproj", "{178C7F74-122A-4B1D-823E-4ADB1E832495}"
EndProject
Project("{FAE04EC0-301F-11D3-BF4B-00C04F79EFBC}") = "LeetCode.Extensions", "LeetCode.Extensions\LeetCode.Extensions.csproj", "{94C36A3F-2212-48A5-A89F-5B9F78BBD4F2}"
EndProject
Global
	GlobalSection(SolutionConfigurationPlatforms) = preSolution
		Debug|Any CPU = Debug|Any CPU
		Release|Any CPU = Release|Any CPU
	EndGlobalSection
	GlobalSection(ProjectConfigurationPlatforms) = postSolution
		{AC273D3D-EA6E-4E37-B082-412EB4C70A40}.Debug|Any CPU.ActiveCfg = Debug|Any CPU
		{AC273D3D-EA6E-4E37-B082-412EB4C70A40}.Debug|Any CPU.Build.0 = Debug|Any CPU
		{AC273D3D-EA6E-4E37-B082-412EB4C70A40}.Release|Any CPU.ActiveCfg = Release|Any CPU
		{AC273D3D-EA6E-4E37-B082-412EB4C70A40}.Release|Any CPU.Build.0 = Release|Any CPU
		{178C7F74-122A-4B1D-823E-4ADB1E832495}.Debug|Any CPU.ActiveCfg = Debug|Any CPU
		{178C7F74-122A-4B1D-823E-4ADB1E832495}.Debug|Any CPU.Build.0 = Debug|Any CPU
		{178C7F74-122A-4B1D-823E-4ADB1E832495}.Release|Any CPU.ActiveCfg = Release|Any CPU
		{178C7F74-122A-4B1D-823E-4ADB1E832495}.Release|Any CPU.Build.0 = Release|Any CPU
		{94C36A3F-2212-48A5-A89F-5B9F78BBD4F2}.Debug|Any CPU.ActiveCfg = Debug|Any CPU
		{94C36A3F-2212-48A5-A89F-5B9F78BBD4F2}.Debug|Any CPU.Build.0 = Debug|Any CPU
		{94C36A3F-2212-48A5-A89F-5B9F78BBD4F2}.Release|Any CPU.ActiveCfg = Release|Any CPU
		{94C36A3F-2212-48A5-A89F-5B9F78BBD4F2}.Release|Any CPU.Build.0 = Release|Any CPU
	EndGlobalSection
	GlobalSection(SolutionProperties) = preSolution
		HideSolutionNode = FALSE
	EndGlobalSection
	GlobalSection(ExtensibilityGlobals) = postSolution
		SolutionGuid = {A3780D22-5CBE-4889-8A45-9AAC72060533}
	EndGlobalSection
EndGlobal
